
Microsoft Visual Studio Solution File, Format Version 12.00
# Visual Studio 15
VisualStudioVersion = 15.0.27004.2010
MinimumVisualStudioVersion = 10.0.40219.1
Project("{FAE04EC0-301F-11D3-BF4B-00C04F79EFBC}") = "SteamLibrary", "SteamLibrary\SteamLibrary.csproj", "{7B2DAB73-8FF2-43DD-8F1E-29E4DB105FA6}"
EndProject
Project("{FAE04EC0-301F-11D3-BF4B-00C04F79EFBC}") = "Test", "Test\Test.csproj", "{6F563B6C-B77E-4A24-987C-A708E01AD2D9}"
EndProject
Global
	GlobalSection(SolutionConfigurationPlatforms) = preSolution
		Debug|Any CPU = Debug|Any CPU
		Release|Any CPU = Release|Any CPU
	EndGlobalSection
	GlobalSection(ProjectConfigurationPlatforms) = postSolution
		{7B2DAB73-8FF2-43DD-8F1E-29E4DB105FA6}.Debug|Any CPU.ActiveCfg = Debug|Any CPU
		{7B2DAB73-8FF2-43DD-8F1E-29E4DB105FA6}.Debug|Any CPU.Build.0 = Debug|Any CPU
		{7B2DAB73-8FF2-43DD-8F1E-29E4DB105FA6}.Release|Any CPU.ActiveCfg = Release|Any CPU
		{7B2DAB73-8FF2-43DD-8F1E-29E4DB105FA6}.Release|Any CPU.Build.0 = Release|Any CPU
		{6F563B6C-B77E-4A24-987C-A708E01AD2D9}.Debug|Any CPU.ActiveCfg = Debug|Any CPU
		{6F563B6C-B77E-4A24-987C-A708E01AD2D9}.Debug|Any CPU.Build.0 = Debug|Any CPU
		{6F563B6C-B77E-4A24-987C-A708E01AD2D9}.Release|Any CPU.ActiveCfg = Release|Any CPU
		{6F563B6C-B77E-4A24-987C-A708E01AD2D9}.Release|Any CPU.Build.0 = Release|Any CPU
	EndGlobalSection
	GlobalSection(SolutionProperties) = preSolution
		HideSolutionNode = FALSE
	EndGlobalSection
	GlobalSection(ExtensibilityGlobals) = postSolution
		SolutionGuid = {661E282C-6C0F-401F-A7D0-CB6B3216F9A8}
	EndGlobalSection
EndGlobal
